
Microsoft Visual Studio Solution File, Format Version 12.00
# Visual Studio Version 17
VisualStudioVersion = 17.5.002.0
MinimumVisualStudioVersion = 10.0.40219.1
Project("{2150E333-8FDC-42A3-9474-1A3956D46DE8}") = "csharp-prep", "csharp-prep", "{CBC26CA8-7B50-4AAB-99EA-FE1AE172F369}"
EndProject
Project("{9A19103F-16F7-4668-BE54-9A1E7A4F7556}") = "Prep1", "csharp-prep\Prep1\Prep1.csproj", "{4224D5FD-2005-44C6-B8E7-83BF3826F2CE}"
EndProject
Project("{9A19103F-16F7-4668-BE54-9A1E7A4F7556}") = "Prep2", "csharp-prep\Prep2\Prep2.csproj", "{C44298AF-5A62-4A36-8FE6-6410F6E000A1}"
EndProject
Project("{9A19103F-16F7-4668-BE54-9A1E7A4F7556}") = "Prep3", "csharp-prep\Prep3\Prep3.csproj", "{E4F2A19C-EAED-44B0-B926-A94B8A79E1EE}"
EndProject
Project("{9A19103F-16F7-4668-BE54-9A1E7A4F7556}") = "Prep4", "csharp-prep\Prep4\Prep4.csproj", "{1848EFDE-5AFA-43EB-B631-220F1E9F2F25}"
EndProject
Project("{9A19103F-16F7-4668-BE54-9A1E7A4F7556}") = "Prep5", "csharp-prep\Prep5\Prep5.csproj", "{0C0A61A7-1817-4CF9-9F78-C0AEB80934A5}"
EndProject
Project("{2150E333-8FDC-42A3-9474-1A3956D46DE8}") = "final", "final", "{18009BE7-EEEA-4495-B993-9A333FA23EA2}"
EndProject
Project("{9A19103F-16F7-4668-BE54-9A1E7A4F7556}") = "FinalProject", "final\FinalProject\FinalProject.csproj", "{95A8631D-6460-4E6A-9C8B-6E091BC7F1EE}"
EndProject
Project("{9A19103F-16F7-4668-BE54-9A1E7A4F7556}") = "Foundation1", "final\Foundation1\Foundation1.csproj", "{5AC68185-A551-4FDA-8262-D5DC00979B20}"
EndProject
Project("{9A19103F-16F7-4668-BE54-9A1E7A4F7556}") = "Foundation2", "final\Foundation2\Foundation2.csproj", "{4791800D-3340-418A-AB93-EA50A1BE54D7}"
EndProject
Project("{9A19103F-16F7-4668-BE54-9A1E7A4F7556}") = "Foundation3", "final\Foundation3\Foundation3.csproj", "{6287A070-0C98-4C11-AF56-2D2F68ABFB26}"
EndProject
Project("{9A19103F-16F7-4668-BE54-9A1E7A4F7556}") = "Foundation4", "final\Foundation4\Foundation4.csproj", "{241F24A8-FE12-41EB-AD1A-098C0A11D559}"
EndProject
Project("{2150E333-8FDC-42A3-9474-1A3956D46DE8}") = "prepare", "prepare", "{5703D7A7-07A3-4C57-9550-BCC2AF269206}"
EndProject
Project("{9A19103F-16F7-4668-BE54-9A1E7A4F7556}") = "Learning02", "prepare\Learning02\Learning02.csproj", "{0DCCE0A0-195C-4A53-904D-2035B0869818}"
EndProject
Project("{9A19103F-16F7-4668-BE54-9A1E7A4F7556}") = "Learning03", "prepare\Learning03\Learning03.csproj", "{87AA697F-F80B-40E0-9DD3-C838CA55B5E0}"
EndProject
Project("{9A19103F-16F7-4668-BE54-9A1E7A4F7556}") = "Learning04", "prepare\Learning04\Learning04.csproj", "{52A9AA69-BD12-4E0A-BBFB-271EA3C56C17}"
EndProject
Project("{9A19103F-16F7-4668-BE54-9A1E7A4F7556}") = "Learning05", "prepare\Learning05\Learning05.csproj", "{BAAD1EA5-855E-4B37-9E49-EBA99BE390CE}"
EndProject
Project("{2150E333-8FDC-42A3-9474-1A3956D46DE8}") = "prove", "prove", "{6406751C-DB46-4A14-A634-7BD9D0B25593}"
EndProject
Project("{9A19103F-16F7-4668-BE54-9A1E7A4F7556}") = "Develop02", "prove\Develop02\Develop02.csproj", "{CC20E48F-3786-4CF2-9D15-CB8DA59376B1}"
EndProject
Project("{9A19103F-16F7-4668-BE54-9A1E7A4F7556}") = "Develop03", "prove\Develop03\Develop03.csproj", "{5560C291-9A27-4F73-B671-DCFF1D9151BD}"
EndProject
Project("{9A19103F-16F7-4668-BE54-9A1E7A4F7556}") = "Develop04", "prove\Develop04\Develop04.csproj", "{41429339-BDC5-4789-A5E5-376C832F6ED2}"
EndProject
Project("{9A19103F-16F7-4668-BE54-9A1E7A4F7556}") = "Develop05", "prove\Develop05\Develop05.csproj", "{9E6A7185-F52F-4922-A06A-952F8955DC77}"
EndProject
Project("{2150E333-8FDC-42A3-9474-1A3956D46DE8}") = "sandbox", "sandbox", "{E60968B5-791C-4388-9CC4-4504A807CA1C}"
EndProject
Project("{9A19103F-16F7-4668-BE54-9A1E7A4F7556}") = "Sandbox", "sandbox\Sandbox\Sandbox.csproj", "{28F9FCD0-5F50-4B4F-BFD9-63F166F07AA2}"
EndProject
Global
	GlobalSection(SolutionConfigurationPlatforms) = preSolution
		Debug|Any CPU = Debug|Any CPU
		Release|Any CPU = Release|Any CPU
	EndGlobalSection
	GlobalSection(ProjectConfigurationPlatforms) = postSolution
		{4224D5FD-2005-44C6-B8E7-83BF3826F2CE}.Debug|Any CPU.ActiveCfg = Debug|Any CPU
		{4224D5FD-2005-44C6-B8E7-83BF3826F2CE}.Debug|Any CPU.Build.0 = Debug|Any CPU
		{4224D5FD-2005-44C6-B8E7-83BF3826F2CE}.Release|Any CPU.ActiveCfg = Release|Any CPU
		{4224D5FD-2005-44C6-B8E7-83BF3826F2CE}.Release|Any CPU.Build.0 = Release|Any CPU
		{C44298AF-5A62-4A36-8FE6-6410F6E000A1}.Debug|Any CPU.ActiveCfg = Debug|Any CPU
		{C44298AF-5A62-4A36-8FE6-6410F6E000A1}.Debug|Any CPU.Build.0 = Debug|Any CPU
		{C44298AF-5A62-4A36-8FE6-6410F6E000A1}.Release|Any CPU.ActiveCfg = Release|Any CPU
		{C44298AF-5A62-4A36-8FE6-6410F6E000A1}.Release|Any CPU.Build.0 = Release|Any CPU
		{E4F2A19C-EAED-44B0-B926-A94B8A79E1EE}.Debug|Any CPU.ActiveCfg = Debug|Any CPU
		{E4F2A19C-EAED-44B0-B926-A94B8A79E1EE}.Debug|Any CPU.Build.0 = Debug|Any CPU
		{E4F2A19C-EAED-44B0-B926-A94B8A79E1EE}.Release|Any CPU.ActiveCfg = Release|Any CPU
		{E4F2A19C-EAED-44B0-B926-A94B8A79E1EE}.Release|Any CPU.Build.0 = Release|Any CPU
		{1848EFDE-5AFA-43EB-B631-220F1E9F2F25}.Debug|Any CPU.ActiveCfg = Debug|Any CPU
		{1848EFDE-5AFA-43EB-B631-220F1E9F2F25}.Debug|Any CPU.Build.0 = Debug|Any CPU
		{1848EFDE-5AFA-43EB-B631-220F1E9F2F25}.Release|Any CPU.ActiveCfg = Release|Any CPU
		{1848EFDE-5AFA-43EB-B631-220F1E9F2F25}.Release|Any CPU.Build.0 = Release|Any CPU
		{0C0A61A7-1817-4CF9-9F78-C0AEB80934A5}.Debug|Any CPU.ActiveCfg = Debug|Any CPU
		{0C0A61A7-1817-4CF9-9F78-C0AEB80934A5}.Debug|Any CPU.Build.0 = Debug|Any CPU
		{0C0A61A7-1817-4CF9-9F78-C0AEB80934A5}.Release|Any CPU.ActiveCfg = Release|Any CPU
		{0C0A61A7-1817-4CF9-9F78-C0AEB80934A5}.Release|Any CPU.Build.0 = Release|Any CPU
		{95A8631D-6460-4E6A-9C8B-6E091BC7F1EE}.Debug|Any CPU.ActiveCfg = Debug|Any CPU
		{95A8631D-6460-4E6A-9C8B-6E091BC7F1EE}.Debug|Any CPU.Build.0 = Debug|Any CPU
		{95A8631D-6460-4E6A-9C8B-6E091BC7F1EE}.Release|Any CPU.ActiveCfg = Release|Any CPU
		{95A8631D-6460-4E6A-9C8B-6E091BC7F1EE}.Release|Any CPU.Build.0 = Release|Any CPU
		{5AC68185-A551-4FDA-8262-D5DC00979B20}.Debug|Any CPU.ActiveCfg = Debug|Any CPU
		{5AC68185-A551-4FDA-8262-D5DC00979B20}.Debug|Any CPU.Build.0 = Debug|Any CPU
		{5AC68185-A551-4FDA-8262-D5DC00979B20}.Release|Any CPU.ActiveCfg = Release|Any CPU
		{5AC68185-A551-4FDA-8262-D5DC00979B20}.Release|Any CPU.Build.0 = Release|Any CPU
		{4791800D-3340-418A-AB93-EA50A1BE54D7}.Debug|Any CPU.ActiveCfg = Debug|Any CPU
		{4791800D-3340-418A-AB93-EA50A1BE54D7}.Debug|Any CPU.Build.0 = Debug|Any CPU
		{4791800D-3340-418A-AB93-EA50A1BE54D7}.Release|Any CPU.ActiveCfg = Release|Any CPU
		{4791800D-3340-418A-AB93-EA50A1BE54D7}.Release|Any CPU.Build.0 = Release|Any CPU
		{6287A070-0C98-4C11-AF56-2D2F68ABFB26}.Debug|Any CPU.ActiveCfg = Debug|Any CPU
		{6287A070-0C98-4C11-AF56-2D2F68ABFB26}.Debug|Any CPU.Build.0 = Debug|Any CPU
		{6287A070-0C98-4C11-AF56-2D2F68ABFB26}.Release|Any CPU.ActiveCfg = Release|Any CPU
		{6287A070-0C98-4C11-AF56-2D2F68ABFB26}.Release|Any CPU.Build.0 = Release|Any CPU
		{241F24A8-FE12-41EB-AD1A-098C0A11D559}.Debug|Any CPU.ActiveCfg = Debug|Any CPU
		{241F24A8-FE12-41EB-AD1A-098C0A11D559}.Debug|Any CPU.Build.0 = Debug|Any CPU
		{241F24A8-FE12-41EB-AD1A-098C0A11D559}.Release|Any CPU.ActiveCfg = Release|Any CPU
		{241F24A8-FE12-41EB-AD1A-098C0A11D559}.Release|Any CPU.Build.0 = Release|Any CPU
		{0DCCE0A0-195C-4A53-904D-2035B0869818}.Debug|Any CPU.ActiveCfg = Debug|Any CPU
		{0DCCE0A0-195C-4A53-904D-2035B0869818}.Debug|Any CPU.Build.0 = Debug|Any CPU
		{0DCCE0A0-195C-4A53-904D-2035B0869818}.Release|Any CPU.ActiveCfg = Release|Any CPU
		{0DCCE0A0-195C-4A53-904D-2035B0869818}.Release|Any CPU.Build.0 = Release|Any CPU
		{87AA697F-F80B-40E0-9DD3-C838CA55B5E0}.Debug|Any CPU.ActiveCfg = Debug|Any CPU
		{87AA697F-F80B-40E0-9DD3-C838CA55B5E0}.Debug|Any CPU.Build.0 = Debug|Any CPU
		{87AA697F-F80B-40E0-9DD3-C838CA55B5E0}.Release|Any CPU.ActiveCfg = Release|Any CPU
		{87AA697F-F80B-40E0-9DD3-C838CA55B5E0}.Release|Any CPU.Build.0 = Release|Any CPU
		{52A9AA69-BD12-4E0A-BBFB-271EA3C56C17}.Debug|Any CPU.ActiveCfg = Debug|Any CPU
		{52A9AA69-BD12-4E0A-BBFB-271EA3C56C17}.Debug|Any CPU.Build.0 = Debug|Any CPU
		{52A9AA69-BD12-4E0A-BBFB-271EA3C56C17}.Release|Any CPU.ActiveCfg = Release|Any CPU
		{52A9AA69-BD12-4E0A-BBFB-271EA3C56C17}.Release|Any CPU.Build.0 = Release|Any CPU
		{BAAD1EA5-855E-4B37-9E49-EBA99BE390CE}.Debug|Any CPU.ActiveCfg = Debug|Any CPU
		{BAAD1EA5-855E-4B37-9E49-EBA99BE390CE}.Debug|Any CPU.Build.0 = Debug|Any CPU
		{BAAD1EA5-855E-4B37-9E49-EBA99BE390CE}.Release|Any CPU.ActiveCfg = Release|Any CPU
		{BAAD1EA5-855E-4B37-9E49-EBA99BE390CE}.Release|Any CPU.Build.0 = Release|Any CPU
		{CC20E48F-3786-4CF2-9D15-CB8DA59376B1}.Debug|Any CPU.ActiveCfg = Debug|Any CPU
		{CC20E48F-3786-4CF2-9D15-CB8DA59376B1}.Debug|Any CPU.Build.0 = Debug|Any CPU
		{CC20E48F-3786-4CF2-9D15-CB8DA59376B1}.Release|Any CPU.ActiveCfg = Release|Any CPU
		{CC20E48F-3786-4CF2-9D15-CB8DA59376B1}.Release|Any CPU.Build.0 = Release|Any CPU
		{5560C291-9A27-4F73-B671-DCFF1D9151BD}.Debug|Any CPU.ActiveCfg = Debug|Any CPU
		{5560C291-9A27-4F73-B671-DCFF1D9151BD}.Debug|Any CPU.Build.0 = Debug|Any CPU
		{5560C291-9A27-4F73-B671-DCFF1D9151BD}.Release|Any CPU.ActiveCfg = Release|Any CPU
		{5560C291-9A27-4F73-B671-DCFF1D9151BD}.Release|Any CPU.Build.0 = Release|Any CPU
		{41429339-BDC5-4789-A5E5-376C832F6ED2}.Debug|Any CPU.ActiveCfg = Debug|Any CPU
		{41429339-BDC5-4789-A5E5-376C832F6ED2}.Debug|Any CPU.Build.0 = Debug|Any CPU
		{41429339-BDC5-4789-A5E5-376C832F6ED2}.Release|Any CPU.ActiveCfg = Release|Any CPU
		{41429339-BDC5-4789-A5E5-376C832F6ED2}.Release|Any CPU.Build.0 = Release|Any CPU
		{9E6A7185-F52F-4922-A06A-952F8955DC77}.Debug|Any CPU.ActiveCfg = Debug|Any CPU
		{9E6A7185-F52F-4922-A06A-952F8955DC77}.Debug|Any CPU.Build.0 = Debug|Any CPU
		{9E6A7185-F52F-4922-A06A-952F8955DC77}.Release|Any CPU.ActiveCfg = Release|Any CPU
		{9E6A7185-F52F-4922-A06A-952F8955DC77}.Release|Any CPU.Build.0 = Release|Any CPU
		{28F9FCD0-5F50-4B4F-BFD9-63F166F07AA2}.Debug|Any CPU.ActiveCfg = Debug|Any CPU
		{28F9FCD0-5F50-4B4F-BFD9-63F166F07AA2}.Debug|Any CPU.Build.0 = Debug|Any CPU
		{28F9FCD0-5F50-4B4F-BFD9-63F166F07AA2}.Release|Any CPU.ActiveCfg = Release|Any CPU
		{28F9FCD0-5F50-4B4F-BFD9-63F166F07AA2}.Release|Any CPU.Build.0 = Release|Any CPU
	EndGlobalSection
	GlobalSection(SolutionProperties) = preSolution
		HideSolutionNode = FALSE
	EndGlobalSection
	GlobalSection(NestedProjects) = preSolution
		{4224D5FD-2005-44C6-B8E7-83BF3826F2CE} = {CBC26CA8-7B50-4AAB-99EA-FE1AE172F369}
		{C44298AF-5A62-4A36-8FE6-6410F6E000A1} = {CBC26CA8-7B50-4AAB-99EA-FE1AE172F369}
		{E4F2A19C-EAED-44B0-B926-A94B8A79E1EE} = {CBC26CA8-7B50-4AAB-99EA-FE1AE172F369}
		{1848EFDE-5AFA-43EB-B631-220F1E9F2F25} = {CBC26CA8-7B50-4AAB-99EA-FE1AE172F369}
		{0C0A61A7-1817-4CF9-9F78-C0AEB80934A5} = {CBC26CA8-7B50-4AAB-99EA-FE1AE172F369}
		{95A8631D-6460-4E6A-9C8B-6E091BC7F1EE} = {18009BE7-EEEA-4495-B993-9A333FA23EA2}
		{5AC68185-A551-4FDA-8262-D5DC00979B20} = {18009BE7-EEEA-4495-B993-9A333FA23EA2}
		{4791800D-3340-418A-AB93-EA50A1BE54D7} = {18009BE7-EEEA-4495-B993-9A333FA23EA2}
		{6287A070-0C98-4C11-AF56-2D2F68ABFB26} = {18009BE7-EEEA-4495-B993-9A333FA23EA2}
		{241F24A8-FE12-41EB-AD1A-098C0A11D559} = {18009BE7-EEEA-4495-B993-9A333FA23EA2}
		{0DCCE0A0-195C-4A53-904D-2035B0869818} = {5703D7A7-07A3-4C57-9550-BCC2AF269206}
		{87AA697F-F80B-40E0-9DD3-C838CA55B5E0} = {5703D7A7-07A3-4C57-9550-BCC2AF269206}
		{52A9AA69-BD12-4E0A-BBFB-271EA3C56C17} = {5703D7A7-07A3-4C57-9550-BCC2AF269206}
		{BAAD1EA5-855E-4B37-9E49-EBA99BE390CE} = {5703D7A7-07A3-4C57-9550-BCC2AF269206}
		{CC20E48F-3786-4CF2-9D15-CB8DA59376B1} = {6406751C-DB46-4A14-A634-7BD9D0B25593}
		{5560C291-9A27-4F73-B671-DCFF1D9151BD} = {6406751C-DB46-4A14-A634-7BD9D0B25593}
		{41429339-BDC5-4789-A5E5-376C832F6ED2} = {6406751C-DB46-4A14-A634-7BD9D0B25593}
		{9E6A7185-F52F-4922-A06A-952F8955DC77} = {6406751C-DB46-4A14-A634-7BD9D0B25593}
		{28F9FCD0-5F50-4B4F-BFD9-63F166F07AA2} = {E60968B5-791C-4388-9CC4-4504A807CA1C}
	EndGlobalSection
	GlobalSection(ExtensibilityGlobals) = postSolution
		SolutionGuid = {3787D908-4479-421E-AE48-9EDDC526E546}
	EndGlobalSection
EndGlobal
